// !$*UTF8*$!
{
	archiveVersion = 1;
	classes = {
	};
	objectVersion = 50;
	objects = {

/* Begin PBXBuildFile section */
		FAA24F392533B39300989A4D /* AppDelegate.swift in Sources */ = {isa = PBXBuildFile; fileRef = FAA24F382533B39300989A4D /* AppDelegate.swift */; };
		FAA24F3B2533B39300989A4D /* ViewController.swift in Sources */ = {isa = PBXBuildFile; fileRef = FAA24F3A2533B39300989A4D /* ViewController.swift */; };
		FAA24F3E2533B39300989A4D /* Main.storyboard in Resources */ = {isa = PBXBuildFile; fileRef = FAA24F3C2533B39300989A4D /* Main.storyboard */; };
		FAA24F402533B39500989A4D /* Assets.xcassets in Resources */ = {isa = PBXBuildFile; fileRef = FAA24F3F2533B39500989A4D /* Assets.xcassets */; };
		FAA24F432533B39500989A4D /* LaunchScreen.storyboard in Resources */ = {isa = PBXBuildFile; fileRef = FAA24F412533B39500989A4D /* LaunchScreen.storyboard */; };
		FAA24F4B2533B3C200989A4D /* MainModel.swift in Sources */ = {isa = PBXBuildFile; fileRef = FAA24F4A2533B3C200989A4D /* MainModel.swift */; };
		FAA24F4D2533B58C00989A4D /* DataManager.swift in Sources */ = {isa = PBXBuildFile; fileRef = FAA24F4C2533B58C00989A4D /* DataManager.swift */; };
/* End PBXBuildFile section */

/* Begin PBXFileReference section */
		FAA24F352533B39300989A4D /* DataModelOnLocalDevice.app */ = {isa = PBXFileReference; explicitFileType = wrapper.application; includeInIndex = 0; path = DataModelOnLocalDevice.app; sourceTree = BUILT_PRODUCTS_DIR; };
		FAA24F382533B39300989A4D /* AppDelegate.swift */ = {isa = PBXFileReference; lastKnownFileType = sourcecode.swift; path = AppDelegate.swift; sourceTree = "<group>"; };
		FAA24F3A2533B39300989A4D /* ViewController.swift */ = {isa = PBXFileReference; lastKnownFileType = sourcecode.swift; path = ViewController.swift; sourceTree = "<group>"; };
		FAA24F3D2533B39300989A4D /* Base */ = {isa = PBXFileReference; lastKnownFileType = file.storyboard; name = Base; path = Base.lproj/Main.storyboard; sourceTree = "<group>"; };
		FAA24F3F2533B39500989A4D /* Assets.xcassets */ = {isa = PBXFileReference; lastKnownFileType = folder.assetcatalog; path = Assets.xcassets; sourceTree = "<group>"; };
		FAA24F422533B39500989A4D /* Base */ = {isa = PBXFileReference; lastKnownFileType = file.storyboard; name = Base; path = Base.lproj/LaunchScreen.storyboard; sourceTree = "<group>"; };
		FAA24F442533B39500989A4D /* Info.plist */ = {isa = PBXFileReference; lastKnownFileType = text.plist.xml; path = Info.plist; sourceTree = "<group>"; };
		FAA24F4A2533B3C200989A4D /* MainModel.swift */ = {isa = PBXFileReference; lastKnownFileType = sourcecode.swift; path = MainModel.swift; sourceTree = "<group>"; };
		FAA24F4C2533B58C00989A4D /* DataManager.swift */ = {isa = PBXFileReference; lastKnownFileType = sourcecode.swift; path = DataManager.swift; sourceTree = "<group>"; };
/* End PBXFileReference section */

/* Begin PBXFrameworksBuildPhase section */
		FAA24F322533B39300989A4D /* Frameworks */ = {
			isa = PBXFrameworksBuildPhase;
			buildActionMask = 2147483647;
			files = (
			);
			runOnlyForDeploymentPostprocessing = 0;
		};
/* End PBXFrameworksBuildPhase section */

/* Begin PBXGroup section */
		FAA24F2C2533B39300989A4D = {
			isa = PBXGroup;
			children = (
				FAA24F372533B39300989A4D /* DataModelOnLocalDevice */,
				FAA24F362533B39300989A4D /* Products */,
			);
			sourceTree = "<group>";
		};
		FAA24F362533B39300989A4D /* Products */ = {
			isa = PBXGroup;
			children = (
				FAA24F352533B39300989A4D /* DataModelOnLocalDevice.app */,
			);
			name = Products;
			sourceTree = "<group>";
		};
		FAA24F372533B39300989A4D /* DataModelOnLocalDevice */ = {
			isa = PBXGroup;
			children = (
				FAA24F382533B39300989A4D /* AppDelegate.swift */,
				FAA24F3A2533B39300989A4D /* ViewController.swift */,
				FAA24F4A2533B3C200989A4D /* MainModel.swift */,
				FAA24F4C2533B58C00989A4D /* DataManager.swift */,
				FAA24F3C2533B39300989A4D /* Main.storyboard */,
				FAA24F3F2533B39500989A4D /* Assets.xcassets */,
				FAA24F412533B39500989A4D /* LaunchScreen.storyboard */,
				FAA24F442533B39500989A4D /* Info.plist */,
			);
			path = DataModelOnLocalDevice;
			sourceTree = "<group>";
		};
/* End PBXGroup section */

/* Begin PBXNativeTarget section */
		FAA24F342533B39300989A4D /* DataModelOnLocalDevice */ = {
			isa = PBXNativeTarget;
			buildConfigurationList = FAA24F472533B39500989A4D /* Build configuration list for PBXNativeTarget "DataModelOnLocalDevice" */;
			buildPhases = (
				FAA24F312533B39300989A4D /* Sources */,
				FAA24F322533B39300989A4D /* Frameworks */,
				FAA24F332533B39300989A4D /* Resources */,
			);
			buildRules = (
			);
			dependencies = (
			);
			name = DataModelOnLocalDevice;
			productName = DataModelOnLocalDevice;
			productReference = FAA24F352533B39300989A4D /* DataModelOnLocalDevice.app */;
			productType = "com.apple.product-type.application";
		};
/* End PBXNativeTarget section */

/* Begin PBXProject section */
		FAA24F2D2533B39300989A4D /* Project object */ = {
			isa = PBXProject;
			attributes = {
				LastSwiftUpdateCheck = 1010;
				LastUpgradeCheck = 1010;
				ORGANIZATIONNAME = centurytrail.com;
				TargetAttributes = {
					FAA24F342533B39300989A4D = {
						CreatedOnToolsVersion = 10.1;
					};
				};
			};
			buildConfigurationList = FAA24F302533B39300989A4D /* Build configuration list for PBXProject "DataModelOnLocalDevice" */;
			compatibilityVersion = "Xcode 9.3";
			developmentRegion = en;
			hasScannedForEncodings = 0;
			knownRegions = (
				en,
				Base,
			);
			mainGroup = FAA24F2C2533B39300989A4D;
			productRefGroup = FAA24F362533B39300989A4D /* Products */;
			projectDirPath = "";
			projectRoot = "";
			targets = (
				FAA24F342533B39300989A4D /* DataModelOnLocalDevice */,
			);
		};
/* End PBXProject section */

/* Begin PBXResourcesBuildPhase section */
		FAA24F332533B39300989A4D /* Resources */ = {
			isa = PBXResourcesBuildPhase;
			buildActionMask = 2147483647;
			files = (
				FAA24F432533B39500989A4D /* LaunchScreen.storyboard in Resources */,
				FAA24F402533B39500989A4D /* Assets.xcassets in Resources */,
				FAA24F3E2533B39300989A4D /* Main.storyboard in Resources */,
			);
			runOnlyForDeploymentPostprocessing = 0;
		};
/* End PBXResourcesBuildPhase section */

/* Begin PBXSourcesBuildPhase section */
		FAA24F312533B39300989A4D /* Sources */ = {
			isa = PBXSourcesBuildPhase;
			buildActionMask = 2147483647;
			files = (
				FAA24F3B2533B39300989A4D /* ViewController.swift in Sources */,
				FAA24F4D2533B58C00989A4D /* DataManager.swift in Sources */,
				FAA24F392533B39300989A4D /* AppDelegate.swift in Sources */,
				FAA24F4B2533B3C200989A4D /* MainModel.swift in Sources */,
			);
			runOnlyForDeploymentPostprocessing = 0;
		};
/* End PBXSourcesBuildPhase section */

/* Begin PBXVariantGroup section */
		FAA24F3C2533B39300989A4D /* Main.storyboard */ = {
			isa = PBXVariantGroup;
			children = (
				FAA24F3D2533B39300989A4D /* Base */,
			);
			name = Main.storyboard;
			sourceTree = "<group>";
		};
		FAA24F412533B39500989A4D /* LaunchScreen.storyboard */ = {
			isa = PBXVariantGroup;
			children = (
				FAA24F422533B39500989A4D /* Base */,
			);
			name = LaunchScreen.storyboard;
			sourceTree = "<group>";
		};
/* End PBXVariantGroup section */

/* Begin XCBuildConfiguration section */
		FAA24F452533B39500989A4D /* Debug */ = {
			isa = XCBuildConfiguration;
			buildSettings = {
				ALWAYS_SEARCH_USER_PATHS = NO;
				CLANG_ANALYZER_NONNULL = YES;
				CLANG_ANALYZER_NUMBER_OBJECT_CONVERSION = YES_AGGRESSIVE;
				CLANG_CXX_LANGUAGE_STANDARD = "gnu++14";
				CLANG_CXX_LIBRARY = "libc++";
				CLANG_ENABLE_MODULES = YES;
				CLANG_ENABLE_OBJC_ARC = YES;
				CLANG_ENABLE_OBJC_WEAK = YES;
				CLANG_WARN_BLOCK_CAPTURE_AUTORELEASING = YES;
				CLANG_WARN_BOOL_CONVERSION = YES;
				CLANG_WARN_COMMA = YES;
				CLANG_WARN_CONSTANT_CONVERSION = YES;
				CLANG_WARN_DEPRECATED_OBJC_IMPLEMENTATIONS = YES;
				CLANG_WARN_DIRECT_OBJC_ISA_USAGE = YES_ERROR;
				CLANG_WARN_DOCUMENTATION_COMMENTS = YES;
				CLANG_WARN_EMPTY_BODY = YES;
				CLANG_WARN_ENUM_CONVERSION = YES;
				CLANG_WARN_INFINITE_RECURSION = YES;
				CLANG_WARN_INT_CONVERSION = YES;
				CLANG_WARN_NON_LITERAL_NULL_CONVERSION = YES;
				CLANG_WARN_OBJC_IMPLICIT_RETAIN_SELF = YES;
				CLANG_WARN_OBJC_LITERAL_CONVERSION = YES;
				CLANG_WARN_OBJC_ROOT_CLASS = YES_ERROR;
				CLANG_WARN_RANGE_LOOP_ANALYSIS = YES;
				CLANG_WARN_STRICT_PROTOTYPES = YES;
				CLANG_WARN_SUSPICIOUS_MOVE = YES;
				CLANG_WARN_UNGUARDED_AVAILABILITY = YES_AGGRESSIVE;
				CLANG_WARN_UNREACHABLE_CODE = YES;
				CLANG_WARN__DUPLICATE_METHOD_MATCH = YES;
				CODE_SIGN_IDENTITY = "iPhone Developer";
				COPY_PHASE_STRIP = NO;
				DEBUG_INFORMATION_FORMAT = dwarf;
				ENABLE_STRICT_OBJC_MSGSEND = YES;
				ENABLE_TESTABILITY = YES;
				GCC_C_LANGUAGE_STANDARD = gnu11;
				GCC_DYNAMIC_NO_PIC = NO;
				GCC_NO_COMMON_BLOCKS = YES;
				GCC_OPTIMIZATION_LEVEL = 0;
				GCC_PREPROCESSOR_DEFINITIONS = (
					"DEBUG=1",
					"$(inherited)",
				);
				GCC_WARN_64_TO_32_BIT_CONVERSION = YES;
				GCC_WARN_ABOUT_RETURN_TYPE = YES_ERROR;
				GCC_WARN_UNDECLARED_SELECTOR = YES;
				GCC_WARN_UNINITIALIZED_AUTOS = YES_AGGRESSIVE;
				GCC_WARN_UNUSED_FUNCTION = YES;
				GCC_WARN_UNUSED_VARIABLE = YES;
				IPHONEOS_DEPLOYMENT_TARGET = 12.1;
				MTL_ENABLE_DEBUG_INFO = INCLUDE_SOURCE;
				MTL_FAST_MATH = YES;
				ONLY_ACTIVE_ARCH = YES;
				SDKROOT = iphoneos;
				SWIFT_ACTIVE_COMPILATION_CONDITIONS = DEBUG;
				SWIFT_OPTIMIZATION_LEVEL = "-Onone";
			};
			name = Debug;
		};
		FAA24F462533B39500989A4D /* Release */ = {
			isa = XCBuildConfiguration;
			buildSettings = {
				ALWAYS_SEARCH_USER_PATHS = NO;
				CLANG_ANALYZER_NONNULL = YES;
				CLANG_ANALYZER_NUMBER_OBJECT_CONVERSION = YES_AGGRESSIVE;
				CLANG_CXX_LANGUAGE_STANDARD = "gnu++14";
				CLANG_CXX_LIBRARY = "libc++";
				CLANG_ENABLE_MODULES = YES;
				CLANG_ENABLE_OBJC_ARC = YES;
				CLANG_ENABLE_OBJC_WEAK = YES;
				CLANG_WARN_BLOCK_CAPTURE_AUTORELEASING = YES;
				CLANG_WARN_BOOL_CONVERSION = YES;
				CLANG_WARN_COMMA = YES;
				CLANG_WARN_CONSTANT_CONVERSION = YES;
				CLANG_WARN_DEPRECATED_OBJC_IMPLEMENTATIONS = YES;
				CLANG_WARN_DIRECT_OBJC_ISA_USAGE = YES_ERROR;
				CLANG_WARN_DOCUMENTATION_COMMENTS = YES;
				CLANG_WARN_EMPTY_BODY = YES;
				CLANG_WARN_ENUM_CONVERSION = YES;
				CLANG_WARN_INFINITE_RECURSION = YES;
				CLANG_WARN_INT_CONVERSION = YES;
				CLANG_WARN_NON_LITERAL_NULL_CONVERSION = YES;
				CLANG_WARN_OBJC_IMPLICIT_RETAIN_SELF = YES;
				CLANG_WARN_OBJC_LITERAL_CONVERSION = YES;
				CLANG_WARN_OBJC_ROOT_CLASS = YES_ERROR;
				CLANG_WARN_RANGE_LOOP_ANALYSIS = YES;
				CLANG_WARN_STRICT_PROTOTYPES = YES;
				CLANG_WARN_SUSPICIOUS_MOVE = YES;
				CLANG_WARN_UNGUARDED_AVAILABILITY = YES_AGGRESSIVE;
				CLANG_WARN_UNREACHABLE_CODE = YES;
				CLANG_WARN__DUPLICATE_METHOD_MATCH = YES;
				CODE_SIGN_IDENTITY = "iPhone Developer";
				COPY_PHASE_STRIP = NO;
				DEBUG_INFORMATION_FORMAT = "dwarf-with-dsym";
				ENABLE_NS_ASSERTIONS = NO;
				ENABLE_STRICT_OBJC_MSGSEND = YES;
				GCC_C_LANGUAGE_STANDARD = gnu11;
				GCC_NO_COMMON_BLOCKS = YES;
				GCC_WARN_64_TO_32_BIT_CONVERSION = YES;
				GCC_WARN_ABOUT_RETURN_TYPE = YES_ERROR;
				GCC_WARN_UNDECLARED_SELECTOR = YES;
				GCC_WARN_UNINITIALIZED_AUTOS = YES_AGGRESSIVE;
				GCC_WARN_UNUSED_FUNCTION = YES;
				GCC_WARN_UNUSED_VARIABLE = YES;
				IPHONEOS_DEPLOYMENT_TARGET = 12.1;
				MTL_ENABLE_DEBUG_INFO = NO;
				MTL_FAST_MATH = YES;
				SDKROOT = iphoneos;
				SWIFT_COMPILATION_MODE = wholemodule;
				SWIFT_OPTIMIZATION_LEVEL = "-O";
				VALIDATE_PRODUCT = YES;
			};
			name = Release;
		};
		FAA24F482533B39500989A4D /* Debug */ = {
			isa = XCBuildConfiguration;
			buildSettings = {
				ASSETCATALOG_COMPILER_APPICON_NAME = AppIcon;
				CODE_SIGN_STYLE = Automatic;
				DEVELOPMENT_TEAM = WAHXQH4SC5;
				INFOPLIST_FILE = DataModelOnLocalDevice/Info.plist;
				LD_RUNPATH_SEARCH_PATHS = (
					"$(inherited)",
					"@executable_path/Frameworks",
				);
				PRODUCT_BUNDLE_IDENTIFIER = com.centurytrail.education.DataModelOnLocalDevice;
				PRODUCT_NAME = "$(TARGET_NAME)";
				SWIFT_VERSION = 4.2;
				TARGETED_DEVICE_FAMILY = "1,2";
			};
			name = Debug;
		};
		FAA24F492533B39500989A4D /* Release */ = {
			isa = XCBuildConfiguration;
			buildSettings = {
				ASSETCATALOG_COMPILER_APPICON_NAME = AppIcon;
				CODE_SIGN_STYLE = Automatic;
				DEVELOPMENT_TEAM = WAHXQH4SC5;
				INFOPLIST_FILE = DataModelOnLocalDevice/Info.plist;
				LD_RUNPATH_SEARCH_PATHS = (
					"$(inherited)",
					"@executable_path/Frameworks",
				);
				PRODUCT_BUNDLE_IDENTIFIER = com.centurytrail.education.DataModelOnLocalDevice;
				PRODUCT_NAME = "$(TARGET_NAME)";
				SWIFT_VERSION = 4.2;
				TARGETED_DEVICE_FAMILY = "1,2";
			};
			name = Release;
		};
/* End XCBuildConfiguration section */

/* Begin XCConfigurationList section */
		FAA24F302533B39300989A4D /* Build configuration list for PBXProject "DataModelOnLocalDevice" */ = {
			isa = XCConfigurationList;
			buildConfigurations = (
				FAA24F452533B39500989A4D /* Debug */,
				FAA24F462533B39500989A4D /* Release */,
			);
			defaultConfigurationIsVisible = 0;
			defaultConfigurationName = Release;
		};
		FAA24F472533B39500989A4D /* Build configuration list for PBXNativeTarget "DataModelOnLocalDevice" */ = {
			isa = XCConfigurationList;
			buildConfigurations = (
				FAA24F482533B39500989A4D /* Debug */,
				FAA24F492533B39500989A4D /* Release */,
			);
			defaultConfigurationIsVisible = 0;
			defaultConfigurationName = Release;
		};
/* End XCConfigurationList section */
	};
	rootObject = FAA24F2D2533B39300989A4D /* Project object */;
}
